
Microsoft Visual Studio Solution File, Format Version 12.00
# Visual Studio 14
VisualStudioVersion = 14.0.25420.1
MinimumVisualStudioVersion = 10.0.40219.1
Project("{FAE04EC0-301F-11D3-BF4B-00C04F79EFBC}") = "Simple_Autofac", "Simple_Autofac\Simple_Autofac.csproj", "{7B20FB6E-FA7F-413E-BBB7-4253C9428E5C}"
EndProject
Project("{FAE04EC0-301F-11D3-BF4B-00C04F79EFBC}") = "DI_Tests", "DI_Tests\DI_Tests.csproj", "{1788DA2C-FE13-4C25-85BC-59EB6E0D37BE}"
EndProject
Global
	GlobalSection(SolutionConfigurationPlatforms) = preSolution
		Debug|Any CPU = Debug|Any CPU
		Release|Any CPU = Release|Any CPU
	EndGlobalSection
	GlobalSection(ProjectConfigurationPlatforms) = postSolution
		{7B20FB6E-FA7F-413E-BBB7-4253C9428E5C}.Debug|Any CPU.ActiveCfg = Debug|Any CPU
		{7B20FB6E-FA7F-413E-BBB7-4253C9428E5C}.Debug|Any CPU.Build.0 = Debug|Any CPU
		{7B20FB6E-FA7F-413E-BBB7-4253C9428E5C}.Release|Any CPU.ActiveCfg = Release|Any CPU
		{7B20FB6E-FA7F-413E-BBB7-4253C9428E5C}.Release|Any CPU.Build.0 = Release|Any CPU
		{1788DA2C-FE13-4C25-85BC-59EB6E0D37BE}.Debug|Any CPU.ActiveCfg = Debug|Any CPU
		{1788DA2C-FE13-4C25-85BC-59EB6E0D37BE}.Debug|Any CPU.Build.0 = Debug|Any CPU
		{1788DA2C-FE13-4C25-85BC-59EB6E0D37BE}.Release|Any CPU.ActiveCfg = Release|Any CPU
		{1788DA2C-FE13-4C25-85BC-59EB6E0D37BE}.Release|Any CPU.Build.0 = Release|Any CPU
	EndGlobalSection
	GlobalSection(SolutionProperties) = preSolution
		HideSolutionNode = FALSE
	EndGlobalSection
EndGlobal
